
Microsoft Visual Studio Solution File, Format Version 12.00
# Visual Studio Version 16
VisualStudioVersion = 16.0.31019.35
MinimumVisualStudioVersion = 10.0.40219.1
Project("{FAE04EC0-301F-11D3-BF4B-00C04F79EFBC}") = "MyConsole", "MyConsole\MyConsole.csproj", "{D87EFD3F-CC44-4508-AFCD-F8B71AA9E673}"
EndProject
Project("{FAE04EC0-301F-11D3-BF4B-00C04F79EFBC}") = "EF6.DBFirst", "EF6.DBFirst\EF6.DBFirst.csproj", "{7E2BC8F7-C9F7-45D9-A190-CBAB6C10945D}"
EndProject
Project("{FAE04EC0-301F-11D3-BF4B-00C04F79EFBC}") = "EF6.CodeFirstFromDB", "EF6.CodeFirstFromDB\EF6.CodeFirstFromDB.csproj", "{862EF193-C593-4AFE-A9DB-B1EB5B60D366}"
EndProject
Project("{FAE04EC0-301F-11D3-BF4B-00C04F79EFBC}") = "EF6.CodeFirst", "EF6.CodeFirst\EF6.CodeFirst.csproj", "{FED5587E-3B12-4443-963F-300C5FF23A85}"
EndProject
Project("{FAE04EC0-301F-11D3-BF4B-00C04F79EFBC}") = "EF6.ModelFirst", "EF6.ModelFirst\EF6.ModelFirst.csproj", "{55231A6C-0E18-40B2-9076-D90C94ABA63D}"
EndProject
Project("{2150E333-8FDC-42A3-9474-1A3956D46DE8}") = "ManyWayEF6DB", "ManyWayEF6DB", "{03DBADDB-9410-4B02-B170-E017CCACB35B}"
EndProject
Project("{FAE04EC0-301F-11D3-BF4B-00C04F79EFBC}") = "EF.Model", "EF.Model\EF.Model.csproj", "{CE9247A2-7D66-41E8-B454-9BA87C431900}"
EndProject
Project("{FAE04EC0-301F-11D3-BF4B-00C04F79EFBC}") = "EF.Business.Service", "EF.Business.Service\EF.Business.Service.csproj", "{979DDDBE-0C85-4414-ABFC-1654F1AEF9BA}"
EndProject
Project("{FAE04EC0-301F-11D3-BF4B-00C04F79EFBC}") = "EF.Business.IService", "EF.Business.IService\EF.Business.IService.csproj", "{AA0FED6E-6B74-4660-93A8-61886EAB622E}"
EndProject
Project("{2150E333-8FDC-42A3-9474-1A3956D46DE8}") = "Business", "Business", "{D9DB5C75-1854-41EA-A045-7167E191F18E}"
EndProject
Project("{2150E333-8FDC-42A3-9474-1A3956D46DE8}") = "Client", "Client", "{619AAF90-6038-4B87-848C-B6C820944EDE}"
EndProject
Global
	GlobalSection(SolutionConfigurationPlatforms) = preSolution
		Debug|Any CPU = Debug|Any CPU
		Release|Any CPU = Release|Any CPU
	EndGlobalSection
	GlobalSection(ProjectConfigurationPlatforms) = postSolution
		{D87EFD3F-CC44-4508-AFCD-F8B71AA9E673}.Debug|Any CPU.ActiveCfg = Debug|Any CPU
		{D87EFD3F-CC44-4508-AFCD-F8B71AA9E673}.Debug|Any CPU.Build.0 = Debug|Any CPU
		{D87EFD3F-CC44-4508-AFCD-F8B71AA9E673}.Release|Any CPU.ActiveCfg = Release|Any CPU
		{D87EFD3F-CC44-4508-AFCD-F8B71AA9E673}.Release|Any CPU.Build.0 = Release|Any CPU
		{7E2BC8F7-C9F7-45D9-A190-CBAB6C10945D}.Debug|Any CPU.ActiveCfg = Debug|Any CPU
		{7E2BC8F7-C9F7-45D9-A190-CBAB6C10945D}.Debug|Any CPU.Build.0 = Debug|Any CPU
		{7E2BC8F7-C9F7-45D9-A190-CBAB6C10945D}.Release|Any CPU.ActiveCfg = Release|Any CPU
		{7E2BC8F7-C9F7-45D9-A190-CBAB6C10945D}.Release|Any CPU.Build.0 = Release|Any CPU
		{862EF193-C593-4AFE-A9DB-B1EB5B60D366}.Debug|Any CPU.ActiveCfg = Debug|Any CPU
		{862EF193-C593-4AFE-A9DB-B1EB5B60D366}.Debug|Any CPU.Build.0 = Debug|Any CPU
		{862EF193-C593-4AFE-A9DB-B1EB5B60D366}.Release|Any CPU.ActiveCfg = Release|Any CPU
		{862EF193-C593-4AFE-A9DB-B1EB5B60D366}.Release|Any CPU.Build.0 = Release|Any CPU
		{FED5587E-3B12-4443-963F-300C5FF23A85}.Debug|Any CPU.ActiveCfg = Debug|Any CPU
		{FED5587E-3B12-4443-963F-300C5FF23A85}.Debug|Any CPU.Build.0 = Debug|Any CPU
		{FED5587E-3B12-4443-963F-300C5FF23A85}.Release|Any CPU.ActiveCfg = Release|Any CPU
		{FED5587E-3B12-4443-963F-300C5FF23A85}.Release|Any CPU.Build.0 = Release|Any CPU
		{55231A6C-0E18-40B2-9076-D90C94ABA63D}.Debug|Any CPU.ActiveCfg = Debug|Any CPU
		{55231A6C-0E18-40B2-9076-D90C94ABA63D}.Debug|Any CPU.Build.0 = Debug|Any CPU
		{55231A6C-0E18-40B2-9076-D90C94ABA63D}.Release|Any CPU.ActiveCfg = Release|Any CPU
		{55231A6C-0E18-40B2-9076-D90C94ABA63D}.Release|Any CPU.Build.0 = Release|Any CPU
		{CE9247A2-7D66-41E8-B454-9BA87C431900}.Debug|Any CPU.ActiveCfg = Debug|Any CPU
		{CE9247A2-7D66-41E8-B454-9BA87C431900}.Debug|Any CPU.Build.0 = Debug|Any CPU
		{CE9247A2-7D66-41E8-B454-9BA87C431900}.Release|Any CPU.ActiveCfg = Release|Any CPU
		{CE9247A2-7D66-41E8-B454-9BA87C431900}.Release|Any CPU.Build.0 = Release|Any CPU
		{979DDDBE-0C85-4414-ABFC-1654F1AEF9BA}.Debug|Any CPU.ActiveCfg = Debug|Any CPU
		{979DDDBE-0C85-4414-ABFC-1654F1AEF9BA}.Debug|Any CPU.Build.0 = Debug|Any CPU
		{979DDDBE-0C85-4414-ABFC-1654F1AEF9BA}.Release|Any CPU.ActiveCfg = Release|Any CPU
		{979DDDBE-0C85-4414-ABFC-1654F1AEF9BA}.Release|Any CPU.Build.0 = Release|Any CPU
		{AA0FED6E-6B74-4660-93A8-61886EAB622E}.Debug|Any CPU.ActiveCfg = Debug|Any CPU
		{AA0FED6E-6B74-4660-93A8-61886EAB622E}.Debug|Any CPU.Build.0 = Debug|Any CPU
		{AA0FED6E-6B74-4660-93A8-61886EAB622E}.Release|Any CPU.ActiveCfg = Release|Any CPU
		{AA0FED6E-6B74-4660-93A8-61886EAB622E}.Release|Any CPU.Build.0 = Release|Any CPU
	EndGlobalSection
	GlobalSection(SolutionProperties) = preSolution
		HideSolutionNode = FALSE
	EndGlobalSection
	GlobalSection(NestedProjects) = preSolution
		{D87EFD3F-CC44-4508-AFCD-F8B71AA9E673} = {619AAF90-6038-4B87-848C-B6C820944EDE}
		{7E2BC8F7-C9F7-45D9-A190-CBAB6C10945D} = {03DBADDB-9410-4B02-B170-E017CCACB35B}
		{862EF193-C593-4AFE-A9DB-B1EB5B60D366} = {03DBADDB-9410-4B02-B170-E017CCACB35B}
		{FED5587E-3B12-4443-963F-300C5FF23A85} = {03DBADDB-9410-4B02-B170-E017CCACB35B}
		{55231A6C-0E18-40B2-9076-D90C94ABA63D} = {03DBADDB-9410-4B02-B170-E017CCACB35B}
		{CE9247A2-7D66-41E8-B454-9BA87C431900} = {D9DB5C75-1854-41EA-A045-7167E191F18E}
		{979DDDBE-0C85-4414-ABFC-1654F1AEF9BA} = {D9DB5C75-1854-41EA-A045-7167E191F18E}
		{AA0FED6E-6B74-4660-93A8-61886EAB622E} = {D9DB5C75-1854-41EA-A045-7167E191F18E}
	EndGlobalSection
	GlobalSection(ExtensibilityGlobals) = postSolution
		SolutionGuid = {16227403-85C0-46A4-9025-B91528F196A0}
	EndGlobalSection
EndGlobal
